{
  "name": "@drill4j/types-admin",
  "version": "1.0.0",
  "lockfileVersion": 2,
  "requires": true,
  "packages": {
    "": {
      "name": "@drill4j/types-admin",
      "version": "1.0.0",
      "dependencies": {
        "typescript": "^4.1.2"
      },
      "devDependencies": {
        "@drill4j/react-hooks": "^1.0.1"
      }
    },
    "node_modules/@drill4j/react-hooks": {
      "version": "1.0.1",
      "resolved": "https://registry.npmjs.org/@drill4j/react-hooks/-/react-hooks-1.0.1.tgz",
      "integrity": "sha512-hfcKO/6n4T9Sb9XYzw/E8C141RoEVaa8Vyf7rNqibNcDDz7D///ag/NeeQA1tPcOr5Btt8t3sUlpfRV6jAEcNA==",
      "dev": true
    },
    "node_modules/typescript": {
      "version": "4.3.4",
      "resolved": "https://registry.npmjs.org/typescript/-/typescript-4.3.4.tgz",
      "integrity": "sha512-uauPG7XZn9F/mo+7MrsRjyvbxFpzemRjKEZXS4AK83oP2KKOJPvb+9cO/gmnv8arWZvhnjVOXz7B49m1l0e9Ew==",
      "bin": {
        "tsc": "bin/tsc",
        "tsserver": "bin/tsserver"
      },
      "engines": {
        "node": ">=4.2.0"
      }
    }
  },
  "dependencies": {
    "typescript": {
      "version": "4.3.4",
      "resolved": "https://registry.npmjs.org/typescript/-/typescript-4.3.4.tgz",
      "integrity": "sha512-uauPG7XZn9F/mo+7MrsRjyvbxFpzemRjKEZXS4AK83oP2KKOJPvb+9cO/gmnv8arWZvhnjVOXz7B49m1l0e9Ew=="
    }
  }
}
